// !$*UTF8*$!
{
	archiveVersion = 1;
	classes = {
	};
	objectVersion = 77;
	objects = {

/* Begin PBXBuildFile section */
		0252732E21F9DD5CB12CCFC8 /* RatingsSummaryRepository.swift in Sources */ = {isa = PBXBuildFile; fileRef = 90521A2944BBC685225A1D7D /* RatingsSummaryRepository.swift */; };
		0C1B85BC5572967E0E0FD5B2 /* RatingRepository.swift in Sources */ = {isa = PBXBuildFile; fileRef = 634DAD38D4FF08BBADC120B2 /* RatingRepository.swift */; };
		235E28C26D8BB74A8DABF898 /* LocationManager.swift in Sources */ = {isa = PBXBuildFile; fileRef = B68B099F9968F98A93654EBD /* LocationManager.swift */; };
		25EDAD91F0F5A358B49259F7 /* RestaurantSummary.swift in Sources */ = {isa = PBXBuildFile; fileRef = 69C516F54639208B82E9562C /* RestaurantSummary.swift */; };
		27DDE23E726C819BB842246F /* DishRatingAverage.swift in Sources */ = {isa = PBXBuildFile; fileRef = 5050687B01306A38643D4985 /* DishRatingAverage.swift */; };
		3A68889FD1C6F41965F5A8E1 /* SearchScope.swift in Sources */ = {isa = PBXBuildFile; fileRef = 0B5AFD7CE610DA07D30DE672 /* SearchScope.swift */; };
		3ABAAFE13B11B10BD05D0FB7 /* DishCatalog.swift in Sources */ = {isa = PBXBuildFile; fileRef = 003590632853DE717A6FE5AA /* DishCatalog.swift */; };
		3BD17A162044702BD908E1F3 /* ProfileView.swift in Sources */ = {isa = PBXBuildFile; fileRef = 865C66F2D56D3B2BFF9C1DDD /* ProfileView.swift */; };
		427E289054AB357B4F5AC666 /* ContentView.swift in Sources */ = {isa = PBXBuildFile; fileRef = 04418F5D3573E0F85DCC0D01 /* ContentView.swift */; };
		44E4D37F62AEC01AAC18116A /* BookmarksRepository.swift in Sources */ = {isa = PBXBuildFile; fileRef = C48E97C662112EC165FD370D /* BookmarksRepository.swift */; };
		45400A55AEE326A9A00976FE /* Dish.swift in Sources */ = {isa = PBXBuildFile; fileRef = 98AEE08CB3907546E22E677F /* Dish.swift */; };
		4B2CCEE14B66907570B17ED7 /* StarRatingView.swift in Sources */ = {isa = PBXBuildFile; fileRef = E69FE4D72BB8FA077A2960A6 /* StarRatingView.swift */; };
		4D515A12063B05275832AE61 /* DishSearchRepository.swift in Sources */ = {isa = PBXBuildFile; fileRef = D1EFA2C3A696012983045750 /* DishSearchRepository.swift */; };
		5480333B7D63D2EEA9EF7BA8 /* RatingFormView.swift in Sources */ = {isa = PBXBuildFile; fileRef = 9F5251F2A037C84DDBCC42B1 /* RatingFormView.swift */; };
		551B115D661C9F47969D68CE /* SearchResultsSheet.swift in Sources */ = {isa = PBXBuildFile; fileRef = AA2FAE6EB3F32403BB09A3B8 /* SearchResultsSheet.swift */; };
		5B59F89EDD5F16851729881C /* RestaurantRatingAverage.swift in Sources */ = {isa = PBXBuildFile; fileRef = 3527CD61B0F4811176BFB4EC /* RestaurantRatingAverage.swift */; };
		5D850FF5C913F52B2A52F6FC /* Supabase in Frameworks */ = {isa = PBXBuildFile; productRef = 7F2DE351160F04152FF87F51 /* Supabase */; };
		62D20A922EBF424BC6EBCBBC /* RatingBlockSummaryView.swift in Sources */ = {isa = PBXBuildFile; fileRef = C603775F7BC5663F5A517252 /* RatingBlockSummaryView.swift */; };
		6FDD1779B3FA4BB6C48480CD /* AuthViewModel.swift in Sources */ = {isa = PBXBuildFile; fileRef = 3A5E18B6F2EE644786298D51 /* AuthViewModel.swift */; };
		80206542372A23AD342F1653 /* RestaurantDetailViewModel.swift in Sources */ = {isa = PBXBuildFile; fileRef = D4355868D20188B2BD726303 /* RestaurantDetailViewModel.swift */; };
		82046945E5E2F4B298B044DD /* Assets.xcassets in Resources */ = {isa = PBXBuildFile; fileRef = 3FA63E76BE9D5E2FFE76536D /* Assets.xcassets */; };
		83A09FD3ABA3A250004F00BA /* ProfileViewModel.swift in Sources */ = {isa = PBXBuildFile; fileRef = 7A42C8570843935214A28C4E /* ProfileViewModel.swift */; };
		880F0C909718750E2DE2DA39 /* StarRatingDisplayView.swift in Sources */ = {isa = PBXBuildFile; fileRef = A917061BCDAE2C59E0825821 /* StarRatingDisplayView.swift */; };
		90642F8E9F03FF29E60B0D24 /* RestaurantDetailSheet.swift in Sources */ = {isa = PBXBuildFile; fileRef = 45A53C6085D502770682BE33 /* RestaurantDetailSheet.swift */; };
		996B44FB265079DE5424379F /* FoodSpotApp.swift in Sources */ = {isa = PBXBuildFile; fileRef = 35187A3FA79C10E1AE5A9562 /* FoodSpotApp.swift */; };
		9CAD56DE268D3E133FFDEDB2 /* Restaurant.swift in Sources */ = {isa = PBXBuildFile; fileRef = F7D6926D49DF2EF9B1022016 /* Restaurant.swift */; };
		9D1075352604E71F083EAFDF /* PrivacyInfo.xcprivacy in Resources */ = {isa = PBXBuildFile; fileRef = 76F3F88C4127121ED1BCC577 /* PrivacyInfo.xcprivacy */; };
		A683ED4830E39E6A9DFDF62B /* DishSearchResult.swift in Sources */ = {isa = PBXBuildFile; fileRef = 752EE42B46022C461F3C9A8B /* DishSearchResult.swift */; };
		B8C29099AD7B0E2A24D65255 /* AddRestaurantSearchViewModel.swift in Sources */ = {isa = PBXBuildFile; fileRef = 2EEFC6C572C941E77B645A33 /* AddRestaurantSearchViewModel.swift */; };
		B8ECA48FF282E68102C85C65 /* MapViewModel.swift in Sources */ = {isa = PBXBuildFile; fileRef = E9E69BB1B74FCA01B9323F99 /* MapViewModel.swift */; };
		B9466339793E7FF3FA655BA2 /* RestaurantRepository.swift in Sources */ = {isa = PBXBuildFile; fileRef = 124DE9A4B5B90A2B51694FD8 /* RestaurantRepository.swift */; };
		BB6F8A1520501751990C283E /* Rating.swift in Sources */ = {isa = PBXBuildFile; fileRef = 5F76869786188C43BD36BF90 /* Rating.swift */; };
		C17E1892565FD60B53B72F59 /* AddRestaurantSearchView.swift in Sources */ = {isa = PBXBuildFile; fileRef = 1B91326D1ABD5A7844D5903E /* AddRestaurantSearchView.swift */; };
		C92E932231FA04D76CCA2817 /* SupabaseManager.swift in Sources */ = {isa = PBXBuildFile; fileRef = 8486ECA9C6F0C9ABA0E24987 /* SupabaseManager.swift */; };
		CFAEC02097B098FD7A50077E /* RestaurantSearchService.swift in Sources */ = {isa = PBXBuildFile; fileRef = 9D202A2C72D56DDEC0A1B008 /* RestaurantSearchService.swift */; };
		D18E5976F280619B2FB485AB /* SignInView.swift in Sources */ = {isa = PBXBuildFile; fileRef = 62883C028D1E26FC2C8F4E47 /* SignInView.swift */; };
		DF336609A40E744433E64179 /* MapView.swift in Sources */ = {isa = PBXBuildFile; fileRef = 98D91768F80CD6515B210D71 /* MapView.swift */; };
		E023CE8A858BDDF09874C91C /* DishRepository.swift in Sources */ = {isa = PBXBuildFile; fileRef = 34A3AF14FECAB134EBD4CE6C /* DishRepository.swift */; };
		E56D826B4508929D6D724C63 /* BookmarkedRestaurant.swift in Sources */ = {isa = PBXBuildFile; fileRef = C26D0985D51563034E3D1E5F /* BookmarkedRestaurant.swift */; };
		EC5C9C63905F7F085E8C55FF /* MapPin.swift in Sources */ = {isa = PBXBuildFile; fileRef = 77EAC1AA3F420025A27E2717 /* MapPin.swift */; };
		F558A5CC382F92E02C9F1544 /* MyRatingRow.swift in Sources */ = {isa = PBXBuildFile; fileRef = D4FC32A4C5728CF75D6100FB /* MyRatingRow.swift */; };
		FFC3E2B5CF3C81612EB1B821 /* RatingFormViewModel.swift in Sources */ = {isa = PBXBuildFile; fileRef = CC2596DD7181790B771306BA /* RatingFormViewModel.swift */; };
/* End PBXBuildFile section */

/* Begin PBXFileReference section */
		003590632853DE717A6FE5AA /* DishCatalog.swift */ = {isa = PBXFileReference; lastKnownFileType = sourcecode.swift; path = DishCatalog.swift; sourceTree = "<group>"; };
		04418F5D3573E0F85DCC0D01 /* ContentView.swift */ = {isa = PBXFileReference; lastKnownFileType = sourcecode.swift; path = ContentView.swift; sourceTree = "<group>"; };
		0B5AFD7CE610DA07D30DE672 /* SearchScope.swift */ = {isa = PBXFileReference; lastKnownFileType = sourcecode.swift; path = SearchScope.swift; sourceTree = "<group>"; };
		124DE9A4B5B90A2B51694FD8 /* RestaurantRepository.swift */ = {isa = PBXFileReference; lastKnownFileType = sourcecode.swift; path = RestaurantRepository.swift; sourceTree = "<group>"; };
		1B91326D1ABD5A7844D5903E /* AddRestaurantSearchView.swift */ = {isa = PBXFileReference; lastKnownFileType = sourcecode.swift; path = AddRestaurantSearchView.swift; sourceTree = "<group>"; };
		2EEFC6C572C941E77B645A33 /* AddRestaurantSearchViewModel.swift */ = {isa = PBXFileReference; lastKnownFileType = sourcecode.swift; path = AddRestaurantSearchViewModel.swift; sourceTree = "<group>"; };
		34A3AF14FECAB134EBD4CE6C /* DishRepository.swift */ = {isa = PBXFileReference; lastKnownFileType = sourcecode.swift; path = DishRepository.swift; sourceTree = "<group>"; };
		35187A3FA79C10E1AE5A9562 /* FoodSpotApp.swift */ = {isa = PBXFileReference; lastKnownFileType = sourcecode.swift; path = FoodSpotApp.swift; sourceTree = "<group>"; };
		3527CD61B0F4811176BFB4EC /* RestaurantRatingAverage.swift */ = {isa = PBXFileReference; lastKnownFileType = sourcecode.swift; path = RestaurantRatingAverage.swift; sourceTree = "<group>"; };
		3A5E18B6F2EE644786298D51 /* AuthViewModel.swift */ = {isa = PBXFileReference; lastKnownFileType = sourcecode.swift; path = AuthViewModel.swift; sourceTree = "<group>"; };
		3FA63E76BE9D5E2FFE76536D /* Assets.xcassets */ = {isa = PBXFileReference; lastKnownFileType = folder.assetcatalog; path = Assets.xcassets; sourceTree = "<group>"; };
		45A53C6085D502770682BE33 /* RestaurantDetailSheet.swift */ = {isa = PBXFileReference; lastKnownFileType = sourcecode.swift; path = RestaurantDetailSheet.swift; sourceTree = "<group>"; };
		4755407744E4B83D360622CD /* FoodSpot.app */ = {isa = PBXFileReference; includeInIndex = 0; lastKnownFileType = wrapper.application; path = FoodSpot.app; sourceTree = BUILT_PRODUCTS_DIR; };
		5050687B01306A38643D4985 /* DishRatingAverage.swift */ = {isa = PBXFileReference; lastKnownFileType = sourcecode.swift; path = DishRatingAverage.swift; sourceTree = "<group>"; };
		5F76869786188C43BD36BF90 /* Rating.swift */ = {isa = PBXFileReference; lastKnownFileType = sourcecode.swift; path = Rating.swift; sourceTree = "<group>"; };
		62883C028D1E26FC2C8F4E47 /* SignInView.swift */ = {isa = PBXFileReference; lastKnownFileType = sourcecode.swift; path = SignInView.swift; sourceTree = "<group>"; };
		634DAD38D4FF08BBADC120B2 /* RatingRepository.swift */ = {isa = PBXFileReference; lastKnownFileType = sourcecode.swift; path = RatingRepository.swift; sourceTree = "<group>"; };
		69C516F54639208B82E9562C /* RestaurantSummary.swift */ = {isa = PBXFileReference; lastKnownFileType = sourcecode.swift; path = RestaurantSummary.swift; sourceTree = "<group>"; };
		752EE42B46022C461F3C9A8B /* DishSearchResult.swift */ = {isa = PBXFileReference; lastKnownFileType = sourcecode.swift; path = DishSearchResult.swift; sourceTree = "<group>"; };
		76F3F88C4127121ED1BCC577 /* PrivacyInfo.xcprivacy */ = {isa = PBXFileReference; path = PrivacyInfo.xcprivacy; sourceTree = "<group>"; };
		77EAC1AA3F420025A27E2717 /* MapPin.swift */ = {isa = PBXFileReference; lastKnownFileType = sourcecode.swift; path = MapPin.swift; sourceTree = "<group>"; };
		7A42C8570843935214A28C4E /* ProfileViewModel.swift */ = {isa = PBXFileReference; lastKnownFileType = sourcecode.swift; path = ProfileViewModel.swift; sourceTree = "<group>"; };
		8486ECA9C6F0C9ABA0E24987 /* SupabaseManager.swift */ = {isa = PBXFileReference; lastKnownFileType = sourcecode.swift; path = SupabaseManager.swift; sourceTree = "<group>"; };
		865C66F2D56D3B2BFF9C1DDD /* ProfileView.swift */ = {isa = PBXFileReference; lastKnownFileType = sourcecode.swift; path = ProfileView.swift; sourceTree = "<group>"; };
		8810A4B781D64ED0557C66CE /* Secrets.xcconfig */ = {isa = PBXFileReference; lastKnownFileType = text.xcconfig; path = Secrets.xcconfig; sourceTree = "<group>"; };
		90521A2944BBC685225A1D7D /* RatingsSummaryRepository.swift */ = {isa = PBXFileReference; lastKnownFileType = sourcecode.swift; path = RatingsSummaryRepository.swift; sourceTree = "<group>"; };
		98AEE08CB3907546E22E677F /* Dish.swift */ = {isa = PBXFileReference; lastKnownFileType = sourcecode.swift; path = Dish.swift; sourceTree = "<group>"; };
		98D91768F80CD6515B210D71 /* MapView.swift */ = {isa = PBXFileReference; lastKnownFileType = sourcecode.swift; path = MapView.swift; sourceTree = "<group>"; };
		9D202A2C72D56DDEC0A1B008 /* RestaurantSearchService.swift */ = {isa = PBXFileReference; lastKnownFileType = sourcecode.swift; path = RestaurantSearchService.swift; sourceTree = "<group>"; };
		9F5251F2A037C84DDBCC42B1 /* RatingFormView.swift */ = {isa = PBXFileReference; lastKnownFileType = sourcecode.swift; path = RatingFormView.swift; sourceTree = "<group>"; };
		A917061BCDAE2C59E0825821 /* StarRatingDisplayView.swift */ = {isa = PBXFileReference; lastKnownFileType = sourcecode.swift; path = StarRatingDisplayView.swift; sourceTree = "<group>"; };
		AA2FAE6EB3F32403BB09A3B8 /* SearchResultsSheet.swift */ = {isa = PBXFileReference; lastKnownFileType = sourcecode.swift; path = SearchResultsSheet.swift; sourceTree = "<group>"; };
		B68B099F9968F98A93654EBD /* LocationManager.swift */ = {isa = PBXFileReference; lastKnownFileType = sourcecode.swift; path = LocationManager.swift; sourceTree = "<group>"; };
		C26D0985D51563034E3D1E5F /* BookmarkedRestaurant.swift */ = {isa = PBXFileReference; lastKnownFileType = sourcecode.swift; path = BookmarkedRestaurant.swift; sourceTree = "<group>"; };
		C48E97C662112EC165FD370D /* BookmarksRepository.swift */ = {isa = PBXFileReference; lastKnownFileType = sourcecode.swift; path = BookmarksRepository.swift; sourceTree = "<group>"; };
		C603775F7BC5663F5A517252 /* RatingBlockSummaryView.swift */ = {isa = PBXFileReference; lastKnownFileType = sourcecode.swift; path = RatingBlockSummaryView.swift; sourceTree = "<group>"; };
		CC2596DD7181790B771306BA /* RatingFormViewModel.swift */ = {isa = PBXFileReference; lastKnownFileType = sourcecode.swift; path = RatingFormViewModel.swift; sourceTree = "<group>"; };
		D1EFA2C3A696012983045750 /* DishSearchRepository.swift */ = {isa = PBXFileReference; lastKnownFileType = sourcecode.swift; path = DishSearchRepository.swift; sourceTree = "<group>"; };
		D4355868D20188B2BD726303 /* RestaurantDetailViewModel.swift */ = {isa = PBXFileReference; lastKnownFileType = sourcecode.swift; path = RestaurantDetailViewModel.swift; sourceTree = "<group>"; };
		D4FC32A4C5728CF75D6100FB /* MyRatingRow.swift */ = {isa = PBXFileReference; lastKnownFileType = sourcecode.swift; path = MyRatingRow.swift; sourceTree = "<group>"; };
		E69FE4D72BB8FA077A2960A6 /* StarRatingView.swift */ = {isa = PBXFileReference; lastKnownFileType = sourcecode.swift; path = StarRatingView.swift; sourceTree = "<group>"; };
		E9E69BB1B74FCA01B9323F99 /* MapViewModel.swift */ = {isa = PBXFileReference; lastKnownFileType = sourcecode.swift; path = MapViewModel.swift; sourceTree = "<group>"; };
		F7D6926D49DF2EF9B1022016 /* Restaurant.swift */ = {isa = PBXFileReference; lastKnownFileType = sourcecode.swift; path = Restaurant.swift; sourceTree = "<group>"; };
/* End PBXFileReference section */

/* Begin PBXFrameworksBuildPhase section */
		7C93F5A0ED3FE4526A3CFB6D /* Frameworks */ = {
			isa = PBXFrameworksBuildPhase;
			buildActionMask = 2147483647;
			files = (
				5D850FF5C913F52B2A52F6FC /* Supabase in Frameworks */,
			);
			runOnlyForDeploymentPostprocessing = 0;
		};
/* End PBXFrameworksBuildPhase section */

/* Begin PBXGroup section */
		26B49D793FA33C21B89B7E22 /* Data */ = {
			isa = PBXGroup;
			children = (
				003590632853DE717A6FE5AA /* DishCatalog.swift */,
			);
			path = Data;
			sourceTree = "<group>";
		};
		2CA61246ECCD9DA59C0D8B22 /* Search */ = {
			isa = PBXGroup;
			children = (
				1B91326D1ABD5A7844D5903E /* AddRestaurantSearchView.swift */,
				2EEFC6C572C941E77B645A33 /* AddRestaurantSearchViewModel.swift */,
			);
			path = Search;
			sourceTree = "<group>";
		};
		2F9AA0DDAE07E36B0A47EC61 /* App */ = {
			isa = PBXGroup;
			children = (
				04418F5D3573E0F85DCC0D01 /* ContentView.swift */,
				35187A3FA79C10E1AE5A9562 /* FoodSpotApp.swift */,
			);
			path = App;
			sourceTree = "<group>";
		};
		3628EED1588B7441BF8E694D /* Profile */ = {
			isa = PBXGroup;
			children = (
				865C66F2D56D3B2BFF9C1DDD /* ProfileView.swift */,
				7A42C8570843935214A28C4E /* ProfileViewModel.swift */,
			);
			path = Profile;
			sourceTree = "<group>";
		};
		644ECB2F071D838ECD928BA7 /* Rating */ = {
			isa = PBXGroup;
			children = (
				C603775F7BC5663F5A517252 /* RatingBlockSummaryView.swift */,
				9F5251F2A037C84DDBCC42B1 /* RatingFormView.swift */,
				CC2596DD7181790B771306BA /* RatingFormViewModel.swift */,
				45A53C6085D502770682BE33 /* RestaurantDetailSheet.swift */,
				D4355868D20188B2BD726303 /* RestaurantDetailViewModel.swift */,
				A917061BCDAE2C59E0825821 /* StarRatingDisplayView.swift */,
				E69FE4D72BB8FA077A2960A6 /* StarRatingView.swift */,
			);
			path = Rating;
			sourceTree = "<group>";
		};
		65BE3C544556360CF982286A /* Core */ = {
			isa = PBXGroup;
			children = (
				C48E97C662112EC165FD370D /* BookmarksRepository.swift */,
				34A3AF14FECAB134EBD4CE6C /* DishRepository.swift */,
				D1EFA2C3A696012983045750 /* DishSearchRepository.swift */,
				B68B099F9968F98A93654EBD /* LocationManager.swift */,
				634DAD38D4FF08BBADC120B2 /* RatingRepository.swift */,
				90521A2944BBC685225A1D7D /* RatingsSummaryRepository.swift */,
				124DE9A4B5B90A2B51694FD8 /* RestaurantRepository.swift */,
				9D202A2C72D56DDEC0A1B008 /* RestaurantSearchService.swift */,
				8486ECA9C6F0C9ABA0E24987 /* SupabaseManager.swift */,
			);
			path = Core;
			sourceTree = "<group>";
		};
		6862D59F8E25882C86D925F1 /* Models */ = {
			isa = PBXGroup;
			children = (
				C26D0985D51563034E3D1E5F /* BookmarkedRestaurant.swift */,
				98AEE08CB3907546E22E677F /* Dish.swift */,
				5050687B01306A38643D4985 /* DishRatingAverage.swift */,
				752EE42B46022C461F3C9A8B /* DishSearchResult.swift */,
				77EAC1AA3F420025A27E2717 /* MapPin.swift */,
				D4FC32A4C5728CF75D6100FB /* MyRatingRow.swift */,
				5F76869786188C43BD36BF90 /* Rating.swift */,
				F7D6926D49DF2EF9B1022016 /* Restaurant.swift */,
				3527CD61B0F4811176BFB4EC /* RestaurantRatingAverage.swift */,
				69C516F54639208B82E9562C /* RestaurantSummary.swift */,
			);
			path = Models;
			sourceTree = "<group>";
		};
		705FF28FD4362EA24AAF626A /* FoodSpot */ = {
			isa = PBXGroup;
			children = (
				2F9AA0DDAE07E36B0A47EC61 /* App */,
				B2F6A79ED9BC6978EEFA4F2C /* Auth */,
				65BE3C544556360CF982286A /* Core */,
				26B49D793FA33C21B89B7E22 /* Data */,
				90BE19A98D868EC13AAB6184 /* Map */,
				6862D59F8E25882C86D925F1 /* Models */,
				3628EED1588B7441BF8E694D /* Profile */,
				644ECB2F071D838ECD928BA7 /* Rating */,
				ADE241FA06CAB52D4BF86C2D /* Resources */,
				2CA61246ECCD9DA59C0D8B22 /* Search */,
			);
			path = FoodSpot;
			sourceTree = "<group>";
		};
		8543B8BAD830F1AA621A71D7 /* Products */ = {
			isa = PBXGroup;
			children = (
				4755407744E4B83D360622CD /* FoodSpot.app */,
			);
			name = Products;
			sourceTree = "<group>";
		};
		90BE19A98D868EC13AAB6184 /* Map */ = {
			isa = PBXGroup;
			children = (
				98D91768F80CD6515B210D71 /* MapView.swift */,
				E9E69BB1B74FCA01B9323F99 /* MapViewModel.swift */,
				AA2FAE6EB3F32403BB09A3B8 /* SearchResultsSheet.swift */,
				0B5AFD7CE610DA07D30DE672 /* SearchScope.swift */,
			);
			path = Map;
			sourceTree = "<group>";
		};
		ADE241FA06CAB52D4BF86C2D /* Resources */ = {
			isa = PBXGroup;
			children = (
				3FA63E76BE9D5E2FFE76536D /* Assets.xcassets */,
				76F3F88C4127121ED1BCC577 /* PrivacyInfo.xcprivacy */,
			);
			path = Resources;
			sourceTree = "<group>";
		};
		B2F6A79ED9BC6978EEFA4F2C /* Auth */ = {
			isa = PBXGroup;
			children = (
				3A5E18B6F2EE644786298D51 /* AuthViewModel.swift */,
				62883C028D1E26FC2C8F4E47 /* SignInView.swift */,
			);
			path = Auth;
			sourceTree = "<group>";
		};
		BC2067AF1C7B2B044FC95FBC = {
			isa = PBXGroup;
			children = (
				E13000A495D271A9B86D6FF3 /* Config */,
				705FF28FD4362EA24AAF626A /* FoodSpot */,
				8543B8BAD830F1AA621A71D7 /* Products */,
			);
			sourceTree = "<group>";
		};
		E13000A495D271A9B86D6FF3 /* Config */ = {
			isa = PBXGroup;
			children = (
				8810A4B781D64ED0557C66CE /* Secrets.xcconfig */,
			);
			path = Config;
			sourceTree = "<group>";
		};
/* End PBXGroup section */

/* Begin PBXNativeTarget section */
		A9D7CAAF795D54BC2E51820A /* FoodSpot */ = {
			isa = PBXNativeTarget;
			buildConfigurationList = E5FBC968B7281817E03FDD7C /* Build configuration list for PBXNativeTarget "FoodSpot" */;
			buildPhases = (
				7609B6F05840C6EBD7D58816 /* Sources */,
				C2B7037EF69A53951D05D0EE /* Resources */,
				7C93F5A0ED3FE4526A3CFB6D /* Frameworks */,
			);
			buildRules = (
			);
			dependencies = (
			);
			name = FoodSpot;
			packageProductDependencies = (
				7F2DE351160F04152FF87F51 /* Supabase */,
			);
			productName = FoodSpot;
			productReference = 4755407744E4B83D360622CD /* FoodSpot.app */;
			productType = "com.apple.product-type.application";
		};
/* End PBXNativeTarget section */

/* Begin PBXProject section */
		3F624450B47F3D8267AE2248 /* Project object */ = {
			isa = PBXProject;
			attributes = {
				BuildIndependentTargetsInParallel = YES;
				LastUpgradeCheck = 1430;
				TargetAttributes = {
				};
			};
			buildConfigurationList = 636CD5E90F5C4A0E5A934E43 /* Build configuration list for PBXProject "FoodSpot" */;
			developmentRegion = en;
			hasScannedForEncodings = 0;
			knownRegions = (
				Base,
				en,
			);
			mainGroup = BC2067AF1C7B2B044FC95FBC;
			minimizedProjectReferenceProxies = 1;
			packageReferences = (
				548DADED0076F420447F080F /* XCRemoteSwiftPackageReference "supabase-swift" */,
			);
			preferredProjectObjectVersion = 77;
			productRefGroup = 8543B8BAD830F1AA621A71D7 /* Products */;
			projectDirPath = "";
			projectRoot = "";
			targets = (
				A9D7CAAF795D54BC2E51820A /* FoodSpot */,
			);
		};
/* End PBXProject section */

/* Begin PBXResourcesBuildPhase section */
		C2B7037EF69A53951D05D0EE /* Resources */ = {
			isa = PBXResourcesBuildPhase;
			buildActionMask = 2147483647;
			files = (
				82046945E5E2F4B298B044DD /* Assets.xcassets in Resources */,
				9D1075352604E71F083EAFDF /* PrivacyInfo.xcprivacy in Resources */,
			);
			runOnlyForDeploymentPostprocessing = 0;
		};
/* End PBXResourcesBuildPhase section */

/* Begin PBXSourcesBuildPhase section */
		7609B6F05840C6EBD7D58816 /* Sources */ = {
			isa = PBXSourcesBuildPhase;
			buildActionMask = 2147483647;
			files = (
				C17E1892565FD60B53B72F59 /* AddRestaurantSearchView.swift in Sources */,
				B8C29099AD7B0E2A24D65255 /* AddRestaurantSearchViewModel.swift in Sources */,
				6FDD1779B3FA4BB6C48480CD /* AuthViewModel.swift in Sources */,
				E56D826B4508929D6D724C63 /* BookmarkedRestaurant.swift in Sources */,
				44E4D37F62AEC01AAC18116A /* BookmarksRepository.swift in Sources */,
				427E289054AB357B4F5AC666 /* ContentView.swift in Sources */,
				45400A55AEE326A9A00976FE /* Dish.swift in Sources */,
				3ABAAFE13B11B10BD05D0FB7 /* DishCatalog.swift in Sources */,
				27DDE23E726C819BB842246F /* DishRatingAverage.swift in Sources */,
				E023CE8A858BDDF09874C91C /* DishRepository.swift in Sources */,
				4D515A12063B05275832AE61 /* DishSearchRepository.swift in Sources */,
				A683ED4830E39E6A9DFDF62B /* DishSearchResult.swift in Sources */,
				996B44FB265079DE5424379F /* FoodSpotApp.swift in Sources */,
				235E28C26D8BB74A8DABF898 /* LocationManager.swift in Sources */,
				EC5C9C63905F7F085E8C55FF /* MapPin.swift in Sources */,
				DF336609A40E744433E64179 /* MapView.swift in Sources */,
				B8ECA48FF282E68102C85C65 /* MapViewModel.swift in Sources */,
				F558A5CC382F92E02C9F1544 /* MyRatingRow.swift in Sources */,
				3BD17A162044702BD908E1F3 /* ProfileView.swift in Sources */,
				83A09FD3ABA3A250004F00BA /* ProfileViewModel.swift in Sources */,
				BB6F8A1520501751990C283E /* Rating.swift in Sources */,
				62D20A922EBF424BC6EBCBBC /* RatingBlockSummaryView.swift in Sources */,
				5480333B7D63D2EEA9EF7BA8 /* RatingFormView.swift in Sources */,
				FFC3E2B5CF3C81612EB1B821 /* RatingFormViewModel.swift in Sources */,
				0C1B85BC5572967E0E0FD5B2 /* RatingRepository.swift in Sources */,
				0252732E21F9DD5CB12CCFC8 /* RatingsSummaryRepository.swift in Sources */,
				9CAD56DE268D3E133FFDEDB2 /* Restaurant.swift in Sources */,
				90642F8E9F03FF29E60B0D24 /* RestaurantDetailSheet.swift in Sources */,
				80206542372A23AD342F1653 /* RestaurantDetailViewModel.swift in Sources */,
				5B59F89EDD5F16851729881C /* RestaurantRatingAverage.swift in Sources */,
				B9466339793E7FF3FA655BA2 /* RestaurantRepository.swift in Sources */,
				CFAEC02097B098FD7A50077E /* RestaurantSearchService.swift in Sources */,
				25EDAD91F0F5A358B49259F7 /* RestaurantSummary.swift in Sources */,
				551B115D661C9F47969D68CE /* SearchResultsSheet.swift in Sources */,
				3A68889FD1C6F41965F5A8E1 /* SearchScope.swift in Sources */,
				D18E5976F280619B2FB485AB /* SignInView.swift in Sources */,
				880F0C909718750E2DE2DA39 /* StarRatingDisplayView.swift in Sources */,
				4B2CCEE14B66907570B17ED7 /* StarRatingView.swift in Sources */,
				C92E932231FA04D76CCA2817 /* SupabaseManager.swift in Sources */,
			);
			runOnlyForDeploymentPostprocessing = 0;
		};
/* End PBXSourcesBuildPhase section */

/* Begin XCBuildConfiguration section */
		2D44E536AD32A51E3D4E3CFB /* Release */ = {
			isa = XCBuildConfiguration;
			baseConfigurationReference = 8810A4B781D64ED0557C66CE /* Secrets.xcconfig */;
			buildSettings = {
				ALWAYS_SEARCH_USER_PATHS = NO;
				CLANG_ANALYZER_NONNULL = YES;
				CLANG_ANALYZER_NUMBER_OBJECT_CONVERSION = YES_AGGRESSIVE;
				CLANG_CXX_LANGUAGE_STANDARD = "gnu++14";
				CLANG_CXX_LIBRARY = "libc++";
				CLANG_ENABLE_MODULES = YES;
				CLANG_ENABLE_OBJC_ARC = YES;
				CLANG_ENABLE_OBJC_WEAK = YES;
				CLANG_WARN_BLOCK_CAPTURE_AUTORELEASING = YES;
				CLANG_WARN_BOOL_CONVERSION = YES;
				CLANG_WARN_COMMA = YES;
				CLANG_WARN_CONSTANT_CONVERSION = YES;
				CLANG_WARN_DEPRECATED_OBJC_IMPLEMENTATIONS = YES;
				CLANG_WARN_DIRECT_OBJC_ISA_USAGE = YES_ERROR;
				CLANG_WARN_DOCUMENTATION_COMMENTS = YES;
				CLANG_WARN_EMPTY_BODY = YES;
				CLANG_WARN_ENUM_CONVERSION = YES;
				CLANG_WARN_INFINITE_RECURSION = YES;
				CLANG_WARN_INT_CONVERSION = YES;
				CLANG_WARN_NON_LITERAL_NULL_CONVERSION = YES;
				CLANG_WARN_OBJC_IMPLICIT_RETAIN_SELF = YES;
				CLANG_WARN_OBJC_LITERAL_CONVERSION = YES;
				CLANG_WARN_OBJC_ROOT_CLASS = YES_ERROR;
				CLANG_WARN_QUOTED_INCLUDE_IN_FRAMEWORK_HEADER = YES;
				CLANG_WARN_RANGE_LOOP_ANALYSIS = YES;
				CLANG_WARN_STRICT_PROTOTYPES = YES;
				CLANG_WARN_SUSPICIOUS_MOVE = YES;
				CLANG_WARN_UNGUARDED_AVAILABILITY = YES_AGGRESSIVE;
				CLANG_WARN_UNREACHABLE_CODE = YES;
				CLANG_WARN__DUPLICATE_METHOD_MATCH = YES;
				COPY_PHASE_STRIP = NO;
				DEBUG_INFORMATION_FORMAT = "dwarf-with-dsym";
				ENABLE_NS_ASSERTIONS = NO;
				ENABLE_STRICT_OBJC_MSGSEND = YES;
				GCC_C_LANGUAGE_STANDARD = gnu11;
				GCC_NO_COMMON_BLOCKS = YES;
				GCC_WARN_64_TO_32_BIT_CONVERSION = YES;
				GCC_WARN_ABOUT_RETURN_TYPE = YES_ERROR;
				GCC_WARN_UNDECLARED_SELECTOR = YES;
				GCC_WARN_UNINITIALIZED_AUTOS = YES_AGGRESSIVE;
				GCC_WARN_UNUSED_FUNCTION = YES;
				GCC_WARN_UNUSED_VARIABLE = YES;
				IPHONEOS_DEPLOYMENT_TARGET = 17.0;
				MTL_ENABLE_DEBUG_INFO = NO;
				MTL_FAST_MATH = YES;
				PRODUCT_NAME = "$(TARGET_NAME)";
				SDKROOT = iphoneos;
				SWIFT_COMPILATION_MODE = wholemodule;
				SWIFT_OPTIMIZATION_LEVEL = "-O";
				SWIFT_VERSION = 5.0;
			};
			name = Release;
		};
		30D781D837A69547187DD7EC /* Debug */ = {
			isa = XCBuildConfiguration;
			baseConfigurationReference = 8810A4B781D64ED0557C66CE /* Secrets.xcconfig */;
			buildSettings = {
				ALWAYS_SEARCH_USER_PATHS = NO;
				CLANG_ANALYZER_NONNULL = YES;
				CLANG_ANALYZER_NUMBER_OBJECT_CONVERSION = YES_AGGRESSIVE;
				CLANG_CXX_LANGUAGE_STANDARD = "gnu++14";
				CLANG_CXX_LIBRARY = "libc++";
				CLANG_ENABLE_MODULES = YES;
				CLANG_ENABLE_OBJC_ARC = YES;
				CLANG_ENABLE_OBJC_WEAK = YES;
				CLANG_WARN_BLOCK_CAPTURE_AUTORELEASING = YES;
				CLANG_WARN_BOOL_CONVERSION = YES;
				CLANG_WARN_COMMA = YES;
				CLANG_WARN_CONSTANT_CONVERSION = YES;
				CLANG_WARN_DEPRECATED_OBJC_IMPLEMENTATIONS = YES;
				CLANG_WARN_DIRECT_OBJC_ISA_USAGE = YES_ERROR;
				CLANG_WARN_DOCUMENTATION_COMMENTS = YES;
				CLANG_WARN_EMPTY_BODY = YES;
				CLANG_WARN_ENUM_CONVERSION = YES;
				CLANG_WARN_INFINITE_RECURSION = YES;
				CLANG_WARN_INT_CONVERSION = YES;
				CLANG_WARN_NON_LITERAL_NULL_CONVERSION = YES;
				CLANG_WARN_OBJC_IMPLICIT_RETAIN_SELF = YES;
				CLANG_WARN_OBJC_LITERAL_CONVERSION = YES;
				CLANG_WARN_OBJC_ROOT_CLASS = YES_ERROR;
				CLANG_WARN_QUOTED_INCLUDE_IN_FRAMEWORK_HEADER = YES;
				CLANG_WARN_RANGE_LOOP_ANALYSIS = YES;
				CLANG_WARN_STRICT_PROTOTYPES = YES;
				CLANG_WARN_SUSPICIOUS_MOVE = YES;
				CLANG_WARN_UNGUARDED_AVAILABILITY = YES_AGGRESSIVE;
				CLANG_WARN_UNREACHABLE_CODE = YES;
				CLANG_WARN__DUPLICATE_METHOD_MATCH = YES;
				COPY_PHASE_STRIP = NO;
				DEBUG_INFORMATION_FORMAT = dwarf;
				ENABLE_STRICT_OBJC_MSGSEND = YES;
				ENABLE_TESTABILITY = YES;
				GCC_C_LANGUAGE_STANDARD = gnu11;
				GCC_DYNAMIC_NO_PIC = NO;
				GCC_NO_COMMON_BLOCKS = YES;
				GCC_OPTIMIZATION_LEVEL = 0;
				GCC_PREPROCESSOR_DEFINITIONS = (
					"$(inherited)",
					"DEBUG=1",
				);
				GCC_WARN_64_TO_32_BIT_CONVERSION = YES;
				GCC_WARN_ABOUT_RETURN_TYPE = YES_ERROR;
				GCC_WARN_UNDECLARED_SELECTOR = YES;
				GCC_WARN_UNINITIALIZED_AUTOS = YES_AGGRESSIVE;
				GCC_WARN_UNUSED_FUNCTION = YES;
				GCC_WARN_UNUSED_VARIABLE = YES;
				IPHONEOS_DEPLOYMENT_TARGET = 17.0;
				MTL_ENABLE_DEBUG_INFO = INCLUDE_SOURCE;
				MTL_FAST_MATH = YES;
				ONLY_ACTIVE_ARCH = YES;
				PRODUCT_NAME = "$(TARGET_NAME)";
				SDKROOT = iphoneos;
				SWIFT_ACTIVE_COMPILATION_CONDITIONS = DEBUG;
				SWIFT_OPTIMIZATION_LEVEL = "-Onone";
				SWIFT_VERSION = 5.0;
			};
			name = Debug;
		};
		6819C0C341C21AFF08AF2A83 /* Debug */ = {
			isa = XCBuildConfiguration;
			buildSettings = {
				ASSETCATALOG_COMPILER_APPICON_NAME = AppIcon;
				ASSETCATALOG_COMPILER_GLOBAL_ACCENT_COLOR_NAME = AccentColor;
				CODE_SIGN_IDENTITY = "iPhone Developer";
				CURRENT_PROJECT_VERSION = 1;
				INFOPLIST_FILE = FoodSpot/Resources/Info.plist;
				LD_RUNPATH_SEARCH_PATHS = (
					"$(inherited)",
					"@executable_path/Frameworks",
				);
				MARKETING_VERSION = 1.0;
				PRODUCT_BUNDLE_IDENTIFIER = com.foodspot.app;
				SDKROOT = iphoneos;
				SWIFT_VERSION = 5.0;
				TARGETED_DEVICE_FAMILY = 1;
			};
			name = Debug;
		};
		8FF86840FD4EC6344DC0BFAD /* Release */ = {
			isa = XCBuildConfiguration;
			buildSettings = {
				ASSETCATALOG_COMPILER_APPICON_NAME = AppIcon;
				ASSETCATALOG_COMPILER_GLOBAL_ACCENT_COLOR_NAME = AccentColor;
				CODE_SIGN_IDENTITY = "iPhone Developer";
				CURRENT_PROJECT_VERSION = 1;
				INFOPLIST_FILE = FoodSpot/Resources/Info.plist;
				LD_RUNPATH_SEARCH_PATHS = (
					"$(inherited)",
					"@executable_path/Frameworks",
				);
				MARKETING_VERSION = 1.0;
				PRODUCT_BUNDLE_IDENTIFIER = com.foodspot.app;
				SDKROOT = iphoneos;
				SWIFT_VERSION = 5.0;
				TARGETED_DEVICE_FAMILY = 1;
			};
			name = Release;
		};
/* End XCBuildConfiguration section */

/* Begin XCConfigurationList section */
		636CD5E90F5C4A0E5A934E43 /* Build configuration list for PBXProject "FoodSpot" */ = {
			isa = XCConfigurationList;
			buildConfigurations = (
				30D781D837A69547187DD7EC /* Debug */,
				2D44E536AD32A51E3D4E3CFB /* Release */,
			);
			defaultConfigurationIsVisible = 0;
			defaultConfigurationName = Debug;
		};
		E5FBC968B7281817E03FDD7C /* Build configuration list for PBXNativeTarget "FoodSpot" */ = {
			isa = XCConfigurationList;
			buildConfigurations = (
				6819C0C341C21AFF08AF2A83 /* Debug */,
				8FF86840FD4EC6344DC0BFAD /* Release */,
			);
			defaultConfigurationIsVisible = 0;
			defaultConfigurationName = Debug;
		};
/* End XCConfigurationList section */

/* Begin XCRemoteSwiftPackageReference section */
		548DADED0076F420447F080F /* XCRemoteSwiftPackageReference "supabase-swift" */ = {
			isa = XCRemoteSwiftPackageReference;
			repositoryURL = "https://github.com/supabase/supabase-swift";
			requirement = {
				kind = upToNextMajorVersion;
				minimumVersion = 2.0.0;
			};
		};
/* End XCRemoteSwiftPackageReference section */

/* Begin XCSwiftPackageProductDependency section */
		7F2DE351160F04152FF87F51 /* Supabase */ = {
			isa = XCSwiftPackageProductDependency;
			package = 548DADED0076F420447F080F /* XCRemoteSwiftPackageReference "supabase-swift" */;
			productName = Supabase;
		};
/* End XCSwiftPackageProductDependency section */
	};
	rootObject = 3F624450B47F3D8267AE2248 /* Project object */;
}
